Microsoft Visual Studio Solution File, Format Version 12.00
# Visual Studio Version 16
VisualStudioVersion = 16.0.0.0
MinimumVisualStudioVersion = 16.0.0.0
Project("{9A19103F-16F7-4668-BE54-9A1E7A4F7556}") = "BlazorAuthWithJwt.Server", "Server\BlazorAuthWithJwt.Server.csproj", "{9BB4FCC9-7223-4212-8869-FAAB52556161}"
EndProject
Project("{9A19103F-16F7-4668-BE54-9A1E7A4F7556}") = "BlazorAuthWithJwt.Client", "Client\BlazorAuthWithJwt.Client.csproj", "{D0F8E436-3027-4F85-9E08-4DA8413423B7}"
EndProject
Project("{9A19103F-16F7-4668-BE54-9A1E7A4F7556}") = "BlazorAuthWithJwt.Shared", "Shared\BlazorAuthWithJwt.Shared.csproj", "{4CF9971A-8A20-4C71-99BA-CE09C752E54E}"
EndProject
Global
	GlobalSection(SolutionConfigurationPlatforms) = preSolution
		Debug|Any CPU = Debug|Any CPU
		Debug|x64 = Debug|x64
		Debug|x86 = Debug|x86
		Release|Any CPU = Release|Any CPU
		Release|x64 = Release|x64
		Release|x86 = Release|x86
	EndGlobalSection
	GlobalSection(ProjectConfigurationPlatforms) = postSolution
		{D0F8E436-3027-4F85-9E08-4DA8413423B7}.Debug|Any CPU.ActiveCfg = Debug|Any CPU
		{D0F8E436-3027-4F85-9E08-4DA8413423B7}.Debug|Any CPU.Build.0 = Debug|Any CPU
		{D0F8E436-3027-4F85-9E08-4DA8413423B7}.Debug|x64.ActiveCfg = Debug|Any CPU
		{D0F8E436-3027-4F85-9E08-4DA8413423B7}.Debug|x64.Build.0 = Debug|Any CPU
		{D0F8E436-3027-4F85-9E08-4DA8413423B7}.Debug|x86.ActiveCfg = Debug|Any CPU
		{D0F8E436-3027-4F85-9E08-4DA8413423B7}.Debug|x86.Build.0 = Debug|Any CPU
		{D0F8E436-3027-4F85-9E08-4DA8413423B7}.Release|Any CPU.ActiveCfg = Release|Any CPU
		{D0F8E436-3027-4F85-9E08-4DA8413423B7}.Release|Any CPU.Build.0 = Release|Any CPU
		{D0F8E436-3027-4F85-9E08-4DA8413423B7}.Release|x64.ActiveCfg = Release|Any CPU
		{D0F8E436-3027-4F85-9E08-4DA8413423B7}.Release|x64.Build.0 = Release|Any CPU
		{D0F8E436-3027-4F85-9E08-4DA8413423B7}.Release|x86.ActiveCfg = Release|Any CPU
		{D0F8E436-3027-4F85-9E08-4DA8413423B7}.Release|x86.Build.0 = Release|Any CPU
		{9BB4FCC9-7223-4212-8869-FAAB52556161}.Debug|Any CPU.ActiveCfg = Debug|Any CPU
		{9BB4FCC9-7223-4212-8869-FAAB52556161}.Debug|Any CPU.Build.0 = Debug|Any CPU
		{9BB4FCC9-7223-4212-8869-FAAB52556161}.Debug|x64.ActiveCfg = Debug|Any CPU
		{9BB4FCC9-7223-4212-8869-FAAB52556161}.Debug|x64.Build.0 = Debug|Any CPU
		{9BB4FCC9-7223-4212-8869-FAAB52556161}.Debug|x86.ActiveCfg = Debug|Any CPU
		{9BB4FCC9-7223-4212-8869-FAAB52556161}.Debug|x86.Build.0 = Debug|Any CPU
		{9BB4FCC9-7223-4212-8869-FAAB52556161}.Release|Any CPU.ActiveCfg = Release|Any CPU
		{9BB4FCC9-7223-4212-8869-FAAB52556161}.Release|Any CPU.Build.0 = Release|Any CPU
		{9BB4FCC9-7223-4212-8869-FAAB52556161}.Release|x64.ActiveCfg = Release|Any CPU
		{9BB4FCC9-7223-4212-8869-FAAB52556161}.Release|x64.Build.0 = Release|Any CPU
		{9BB4FCC9-7223-4212-8869-FAAB52556161}.Release|x86.ActiveCfg = Release|Any CPU
		{9BB4FCC9-7223-4212-8869-FAAB52556161}.Release|x86.Build.0 = Release|Any CPU
		{4CF9971A-8A20-4C71-99BA-CE09C752E54E}.Debug|Any CPU.ActiveCfg = Debug|Any CPU
		{4CF9971A-8A20-4C71-99BA-CE09C752E54E}.Debug|Any CPU.Build.0 = Debug|Any CPU
		{4CF9971A-8A20-4C71-99BA-CE09C752E54E}.Debug|x64.ActiveCfg = Debug|Any CPU
		{4CF9971A-8A20-4C71-99BA-CE09C752E54E}.Debug|x64.Build.0 = Debug|Any CPU
		{4CF9971A-8A20-4C71-99BA-CE09C752E54E}.Debug|x86.ActiveCfg = Debug|Any CPU
		{4CF9971A-8A20-4C71-99BA-CE09C752E54E}.Debug|x86.Build.0 = Debug|Any CPU
		{4CF9971A-8A20-4C71-99BA-CE09C752E54E}.Release|Any CPU.ActiveCfg = Release|Any CPU
		{4CF9971A-8A20-4C71-99BA-CE09C752E54E}.Release|Any CPU.Build.0 = Release|Any CPU
		{4CF9971A-8A20-4C71-99BA-CE09C752E54E}.Release|x64.ActiveCfg = Release|Any CPU
		{4CF9971A-8A20-4C71-99BA-CE09C752E54E}.Release|x64.Build.0 = Release|Any CPU
		{4CF9971A-8A20-4C71-99BA-CE09C752E54E}.Release|x86.ActiveCfg = Release|Any CPU
		{4CF9971A-8A20-4C71-99BA-CE09C752E54E}.Release|x86.Build.0 = Release|Any CPU
	EndGlobalSection
	GlobalSection(SolutionProperties) = preSolution
		HideSolutionNode = FALSE
	EndGlobalSection
	GlobalSection(ExtensibilityGlobals) = postSolution
		SolutionGuid = {50591EF2-15F5-46E9-B7F8-47751653D37A}
	EndGlobalSection
EndGlobal